// !$*UTF8*$!
{
	archiveVersion = 1;
	classes = {
	};
	objectVersion = 56;
	objects = {

/* Begin PBXBuildFile section */
		B07AAEC02A1B73070034D0AE /* AssemblerBuilderProtocol.swift in Sources */ = {isa = PBXBuildFile; fileRef = B07AAEBF2A1B73070034D0AE /* AssemblerBuilderProtocol.swift */; };
		B07AAEC22A1B789D0034D0AE /* SplashScreen.storyboard in Resources */ = {isa = PBXBuildFile; fileRef = B07AAEC12A1B789D0034D0AE /* SplashScreen.storyboard */; };
		B07AAEC52A1B7A3A0034D0AE /* UIView+Extra.swift in Sources */ = {isa = PBXBuildFile; fileRef = B07AAEC42A1B7A3A0034D0AE /* UIView+Extra.swift */; };
		B07AAEC92A1B9ABB0034D0AE /* Storyboard+Generated.swift in Sources */ = {isa = PBXBuildFile; fileRef = B07AAEC82A1B9ABB0034D0AE /* Storyboard+Generated.swift */; };
		B07AAECC2A1B9D7B0034D0AE /* Lottie in Frameworks */ = {isa = PBXBuildFile; productRef = B07AAECB2A1B9D7B0034D0AE /* Lottie */; };
		B07AAED12A1BF1710034D0AE /* Endpoint.swift in Sources */ = {isa = PBXBuildFile; fileRef = B07AAED02A1BF1710034D0AE /* Endpoint.swift */; };
		B07AAED32A1BF1AF0034D0AE /* MovieListRequest.swift in Sources */ = {isa = PBXBuildFile; fileRef = B07AAED22A1BF1AF0034D0AE /* MovieListRequest.swift */; };
		B08842D129E4A54700D331BF /* AppDelegate.swift in Sources */ = {isa = PBXBuildFile; fileRef = B08842D029E4A54700D331BF /* AppDelegate.swift */; };
		B08842D329E4A54700D331BF /* SceneDelegate.swift in Sources */ = {isa = PBXBuildFile; fileRef = B08842D229E4A54700D331BF /* SceneDelegate.swift */; };
		B08842D829E4A54700D331BF /* LaunchScreen.storyboard in Resources */ = {isa = PBXBuildFile; fileRef = B08842D629E4A54700D331BF /* LaunchScreen.storyboard */; };
		B08842DA29E4A54800D331BF /* Assets.xcassets in Resources */ = {isa = PBXBuildFile; fileRef = B08842D929E4A54800D331BF /* Assets.xcassets */; };
		B08842E629E4A9DE00D331BF /* Alamofire in Frameworks */ = {isa = PBXBuildFile; productRef = B08842E529E4A9DE00D331BF /* Alamofire */; };
		B08842E929E4AA0D00D331BF /* Kingfisher in Frameworks */ = {isa = PBXBuildFile; productRef = B08842E829E4AA0D00D331BF /* Kingfisher */; };
		B08842ED29E4AAEB00D331BF /* AppRouter.swift in Sources */ = {isa = PBXBuildFile; fileRef = B08842EC29E4AAEB00D331BF /* AppRouter.swift */; };
		B08842F629E4B1DB00D331BF /* Colors.xcassets in Resources */ = {isa = PBXBuildFile; fileRef = B08842F529E4B1DB00D331BF /* Colors.xcassets */; };
		B08842FB29E4B4C600D331BF /* Localizable.strings in Resources */ = {isa = PBXBuildFile; fileRef = B08842FA29E4B4C600D331BF /* Localizable.strings */; };
		B088430129E4B6BE00D331BF /* Fonts+Generated.swift in Sources */ = {isa = PBXBuildFile; fileRef = B08842FD29E4B6BE00D331BF /* Fonts+Generated.swift */; };
		B088430229E4B6BE00D331BF /* Images+Colors+Generated.swift in Sources */ = {isa = PBXBuildFile; fileRef = B08842FE29E4B6BE00D331BF /* Images+Colors+Generated.swift */; };
		B088430329E4B6BE00D331BF /* Strings+Generated.swift in Sources */ = {isa = PBXBuildFile; fileRef = B08842FF29E4B6BE00D331BF /* Strings+Generated.swift */; };
		B088430529E4B6F700D331BF /* SplashScreenPresenter.swift in Sources */ = {isa = PBXBuildFile; fileRef = B088430429E4B6F700D331BF /* SplashScreenPresenter.swift */; };
		B088430729E4B78400D331BF /* SplashScreenView.swift in Sources */ = {isa = PBXBuildFile; fileRef = B088430629E4B78400D331BF /* SplashScreenView.swift */; };
		B0C4272B29FD5A4300AA00D7 /* Network.swift in Sources */ = {isa = PBXBuildFile; fileRef = B0C4272A29FD5A4300AA00D7 /* Network.swift */; };
		B0C4272D29FD5AD400AA00D7 /* Requestable.swift in Sources */ = {isa = PBXBuildFile; fileRef = B0C4272C29FD5AD400AA00D7 /* Requestable.swift */; };
		B0C4273029FD5B2F00AA00D7 /* Logger.swift in Sources */ = {isa = PBXBuildFile; fileRef = B0C4272F29FD5B2F00AA00D7 /* Logger.swift */; };
		B0C4273229FDC0B100AA00D7 /* SplashScreenInteractor.swift in Sources */ = {isa = PBXBuildFile; fileRef = B0C4273129FDC0B100AA00D7 /* SplashScreenInteractor.swift */; };
		B0C4273429FDC0CA00AA00D7 /* SplashScreenEntity.swift in Sources */ = {isa = PBXBuildFile; fileRef = B0C4273329FDC0CA00AA00D7 /* SplashScreenEntity.swift */; };
/* End PBXBuildFile section */

/* Begin PBXFileReference section */
		B07AAEBF2A1B73070034D0AE /* AssemblerBuilderProtocol.swift */ = {isa = PBXFileReference; lastKnownFileType = sourcecode.swift; path = AssemblerBuilderProtocol.swift; sourceTree = "<group>"; };
		B07AAEC12A1B789D0034D0AE /* SplashScreen.storyboard */ = {isa = PBXFileReference; lastKnownFileType = file.storyboard; path = SplashScreen.storyboard; sourceTree = "<group>"; };
		B07AAEC42A1B7A3A0034D0AE /* UIView+Extra.swift */ = {isa = PBXFileReference; lastKnownFileType = sourcecode.swift; path = "UIView+Extra.swift"; sourceTree = "<group>"; };
		B07AAEC82A1B9ABB0034D0AE /* Storyboard+Generated.swift */ = {isa = PBXFileReference; fileEncoding = 4; lastKnownFileType = sourcecode.swift; path = "Storyboard+Generated.swift"; sourceTree = "<group>"; };
		B07AAED02A1BF1710034D0AE /* Endpoint.swift */ = {isa = PBXFileReference; lastKnownFileType = sourcecode.swift; path = Endpoint.swift; sourceTree = "<group>"; };
		B07AAED22A1BF1AF0034D0AE /* MovieListRequest.swift */ = {isa = PBXFileReference; lastKnownFileType = sourcecode.swift; path = MovieListRequest.swift; sourceTree = "<group>"; };
		B08842CD29E4A54700D331BF /* MovieMood.app */ = {isa = PBXFileReference; explicitFileType = wrapper.application; includeInIndex = 0; path = MovieMood.app; sourceTree = BUILT_PRODUCTS_DIR; };
		B08842D029E4A54700D331BF /* AppDelegate.swift */ = {isa = PBXFileReference; lastKnownFileType = sourcecode.swift; path = AppDelegate.swift; sourceTree = "<group>"; };
		B08842D229E4A54700D331BF /* SceneDelegate.swift */ = {isa = PBXFileReference; lastKnownFileType = sourcecode.swift; path = SceneDelegate.swift; sourceTree = "<group>"; };
		B08842D729E4A54700D331BF /* Base */ = {isa = PBXFileReference; lastKnownFileType = file.storyboard; name = Base; path = Base.lproj/LaunchScreen.storyboard; sourceTree = "<group>"; };
		B08842D929E4A54800D331BF /* Assets.xcassets */ = {isa = PBXFileReference; lastKnownFileType = folder.assetcatalog; path = Assets.xcassets; sourceTree = "<group>"; };
		B08842DE29E4A54800D331BF /* Info.plist */ = {isa = PBXFileReference; lastKnownFileType = text.plist.xml; path = Info.plist; sourceTree = "<group>"; };
		B08842EC29E4AAEB00D331BF /* AppRouter.swift */ = {isa = PBXFileReference; lastKnownFileType = sourcecode.swift; path = AppRouter.swift; sourceTree = "<group>"; };
		B08842F529E4B1DB00D331BF /* Colors.xcassets */ = {isa = PBXFileReference; lastKnownFileType = folder.assetcatalog; path = Colors.xcassets; sourceTree = "<group>"; };
		B08842FA29E4B4C600D331BF /* Localizable.strings */ = {isa = PBXFileReference; lastKnownFileType = text.plist.strings; path = Localizable.strings; sourceTree = "<group>"; };
		B08842FD29E4B6BE00D331BF /* Fonts+Generated.swift */ = {isa = PBXFileReference; fileEncoding = 4; lastKnownFileType = sourcecode.swift; path = "Fonts+Generated.swift"; sourceTree = "<group>"; };
		B08842FE29E4B6BE00D331BF /* Images+Colors+Generated.swift */ = {isa = PBXFileReference; fileEncoding = 4; lastKnownFileType = sourcecode.swift; path = "Images+Colors+Generated.swift"; sourceTree = "<group>"; };
		B08842FF29E4B6BE00D331BF /* Strings+Generated.swift */ = {isa = PBXFileReference; fileEncoding = 4; lastKnownFileType = sourcecode.swift; path = "Strings+Generated.swift"; sourceTree = "<group>"; };
		B088430429E4B6F700D331BF /* SplashScreenPresenter.swift */ = {isa = PBXFileReference; lastKnownFileType = sourcecode.swift; path = SplashScreenPresenter.swift; sourceTree = "<group>"; };
		B088430629E4B78400D331BF /* SplashScreenView.swift */ = {isa = PBXFileReference; lastKnownFileType = sourcecode.swift; path = SplashScreenView.swift; sourceTree = "<group>"; };
		B0C4272A29FD5A4300AA00D7 /* Network.swift */ = {isa = PBXFileReference; lastKnownFileType = sourcecode.swift; path = Network.swift; sourceTree = "<group>"; };
		B0C4272C29FD5AD400AA00D7 /* Requestable.swift */ = {isa = PBXFileReference; lastKnownFileType = sourcecode.swift; path = Requestable.swift; sourceTree = "<group>"; };
		B0C4272F29FD5B2F00AA00D7 /* Logger.swift */ = {isa = PBXFileReference; lastKnownFileType = sourcecode.swift; path = Logger.swift; sourceTree = "<group>"; };
		B0C4273129FDC0B100AA00D7 /* SplashScreenInteractor.swift */ = {isa = PBXFileReference; lastKnownFileType = sourcecode.swift; path = SplashScreenInteractor.swift; sourceTree = "<group>"; };
		B0C4273329FDC0CA00AA00D7 /* SplashScreenEntity.swift */ = {isa = PBXFileReference; lastKnownFileType = sourcecode.swift; path = SplashScreenEntity.swift; sourceTree = "<group>"; };
/* End PBXFileReference section */

/* Begin PBXFrameworksBuildPhase section */
		B08842CA29E4A54700D331BF /* Frameworks */ = {
			isa = PBXFrameworksBuildPhase;
			buildActionMask = 2147483647;
			files = (
				B08842E929E4AA0D00D331BF /* Kingfisher in Frameworks */,
				B08842E629E4A9DE00D331BF /* Alamofire in Frameworks */,
				B07AAECC2A1B9D7B0034D0AE /* Lottie in Frameworks */,
			);
			runOnlyForDeploymentPostprocessing = 0;
		};
/* End PBXFrameworksBuildPhase section */

/* Begin PBXGroup section */
		B07AAEC32A1B79DE0034D0AE /* Extensions */ = {
			isa = PBXGroup;
			children = (
				B07AAEC42A1B7A3A0034D0AE /* UIView+Extra.swift */,
			);
			path = Extensions;
			sourceTree = "<group>";
		};
		B07AAECF2A1BF1400034D0AE /* Requests */ = {
			isa = PBXGroup;
			children = (
				B07AAED22A1BF1AF0034D0AE /* MovieListRequest.swift */,
				B07AAED02A1BF1710034D0AE /* Endpoint.swift */,
			);
			path = Requests;
			sourceTree = "<group>";
		};
		B08842C429E4A54700D331BF = {
			isa = PBXGroup;
			children = (
				B08842CF29E4A54700D331BF /* MovieMood */,
				B08842CE29E4A54700D331BF /* Products */,
			);
			sourceTree = "<group>";
		};
		B08842CE29E4A54700D331BF /* Products */ = {
			isa = PBXGroup;
			children = (
				B08842CD29E4A54700D331BF /* MovieMood.app */,
			);
			name = Products;
			sourceTree = "<group>";
		};
		B08842CF29E4A54700D331BF /* MovieMood */ = {
			isa = PBXGroup;
			children = (
				B08842EA29E4AA4D00D331BF /* App */,
				B0C4272729FD59E000AA00D7 /* Services */,
				B08842EB29E4AAC800D331BF /* Scenes */,
				B08842F929E4B3C300D331BF /* Generated */,
				B08842F429E4AEA200D331BF /* Resources */,
				B07AAEC32A1B79DE0034D0AE /* Extensions */,
				B0C4272E29FD5B0B00AA00D7 /* Utils */,
			);
			path = MovieMood;
			sourceTree = "<group>";
		};
		B08842EA29E4AA4D00D331BF /* App */ = {
			isa = PBXGroup;
			children = (
				B08842D029E4A54700D331BF /* AppDelegate.swift */,
				B08842D229E4A54700D331BF /* SceneDelegate.swift */,
			);
			path = App;
			sourceTree = "<group>";
		};
		B08842EB29E4AAC800D331BF /* Scenes */ = {
			isa = PBXGroup;
			children = (
				B08842F129E4AC2200D331BF /* Splash Screen */,
				B08842EC29E4AAEB00D331BF /* AppRouter.swift */,
				B07AAEBF2A1B73070034D0AE /* AssemblerBuilderProtocol.swift */,
			);
			path = Scenes;
			sourceTree = "<group>";
		};
		B08842F129E4AC2200D331BF /* Splash Screen */ = {
			isa = PBXGroup;
			children = (
				B088430629E4B78400D331BF /* SplashScreenView.swift */,
				B0C4273129FDC0B100AA00D7 /* SplashScreenInteractor.swift */,
				B088430429E4B6F700D331BF /* SplashScreenPresenter.swift */,
				B0C4273329FDC0CA00AA00D7 /* SplashScreenEntity.swift */,
				B07AAEC12A1B789D0034D0AE /* SplashScreen.storyboard */,
			);
			path = "Splash Screen";
			sourceTree = "<group>";
		};
		B08842F429E4AEA200D331BF /* Resources */ = {
			isa = PBXGroup;
			children = (
				B08842F729E4B22D00D331BF /* Fonts */,
				B08842F829E4B24400D331BF /* Media */,
				B08842D929E4A54800D331BF /* Assets.xcassets */,
				B08842F529E4B1DB00D331BF /* Colors.xcassets */,
				B08842DE29E4A54800D331BF /* Info.plist */,
				B08842FA29E4B4C600D331BF /* Localizable.strings */,
				B08842D629E4A54700D331BF /* LaunchScreen.storyboard */,
			);
			path = Resources;
			sourceTree = "<group>";
		};
		B08842F729E4B22D00D331BF /* Fonts */ = {
			isa = PBXGroup;
			children = (
			);
			path = Fonts;
			sourceTree = "<group>";
		};
		B08842F829E4B24400D331BF /* Media */ = {
			isa = PBXGroup;
			children = (
			);
			path = Media;
			sourceTree = "<group>";
		};
		B08842F929E4B3C300D331BF /* Generated */ = {
			isa = PBXGroup;
			children = (
				B07AAEC82A1B9ABB0034D0AE /* Storyboard+Generated.swift */,
				B08842FD29E4B6BE00D331BF /* Fonts+Generated.swift */,
				B08842FE29E4B6BE00D331BF /* Images+Colors+Generated.swift */,
				B08842FF29E4B6BE00D331BF /* Strings+Generated.swift */,
			);
			path = Generated;
			sourceTree = "<group>";
		};
		B0C4272729FD59E000AA00D7 /* Services */ = {
			isa = PBXGroup;
			children = (
				B0C4272929FD5A2B00AA00D7 /* Network */,
			);
			path = Services;
			sourceTree = "<group>";
		};
		B0C4272929FD5A2B00AA00D7 /* Network */ = {
			isa = PBXGroup;
			children = (
				B07AAECF2A1BF1400034D0AE /* Requests */,
				B0C4272A29FD5A4300AA00D7 /* Network.swift */,
				B0C4272C29FD5AD400AA00D7 /* Requestable.swift */,
			);
			path = Network;
			sourceTree = "<group>";
		};
		B0C4272E29FD5B0B00AA00D7 /* Utils */ = {
			isa = PBXGroup;
			children = (
				B0C4272F29FD5B2F00AA00D7 /* Logger.swift */,
			);
			path = Utils;
			sourceTree = "<group>";
		};
/* End PBXGroup section */

/* Begin PBXNativeTarget section */
		B08842CC29E4A54700D331BF /* MovieMood */ = {
			isa = PBXNativeTarget;
			buildConfigurationList = B08842E129E4A54800D331BF /* Build configuration list for PBXNativeTarget "MovieMood" */;
			buildPhases = (
				B08842C929E4A54700D331BF /* Sources */,
				B08842CA29E4A54700D331BF /* Frameworks */,
				B08842CB29E4A54700D331BF /* Resources */,
			);
			buildRules = (
			);
			dependencies = (
			);
			name = MovieMood;
			packageProductDependencies = (
				B08842E529E4A9DE00D331BF /* Alamofire */,
				B08842E829E4AA0D00D331BF /* Kingfisher */,
				B07AAECB2A1B9D7B0034D0AE /* Lottie */,
			);
			productName = MovieMood;
			productReference = B08842CD29E4A54700D331BF /* MovieMood.app */;
			productType = "com.apple.product-type.application";
		};
/* End PBXNativeTarget section */

/* Begin PBXProject section */
		B08842C529E4A54700D331BF /* Project object */ = {
			isa = PBXProject;
			attributes = {
				BuildIndependentTargetsInParallel = 1;
				LastSwiftUpdateCheck = 1420;
				LastUpgradeCheck = 1420;
				TargetAttributes = {
					B08842CC29E4A54700D331BF = {
						CreatedOnToolsVersion = 14.2;
					};
				};
			};
			buildConfigurationList = B08842C829E4A54700D331BF /* Build configuration list for PBXProject "MovieMood" */;
			compatibilityVersion = "Xcode 14.0";
			developmentRegion = en;
			hasScannedForEncodings = 0;
			knownRegions = (
				en,
				Base,
			);
			mainGroup = B08842C429E4A54700D331BF;
			packageReferences = (
				B08842E429E4A9DE00D331BF /* XCRemoteSwiftPackageReference "Alamofire" */,
				B08842E729E4AA0D00D331BF /* XCRemoteSwiftPackageReference "Kingfisher" */,
				B07AAECA2A1B9D7B0034D0AE /* XCRemoteSwiftPackageReference "lottie-spm" */,
			);
			productRefGroup = B08842CE29E4A54700D331BF /* Products */;
			projectDirPath = "";
			projectRoot = "";
			targets = (
				B08842CC29E4A54700D331BF /* MovieMood */,
			);
		};
/* End PBXProject section */

/* Begin PBXResourcesBuildPhase section */
		B08842CB29E4A54700D331BF /* Resources */ = {
			isa = PBXResourcesBuildPhase;
			buildActionMask = 2147483647;
			files = (
				B08842FB29E4B4C600D331BF /* Localizable.strings in Resources */,
				B08842F629E4B1DB00D331BF /* Colors.xcassets in Resources */,
				B08842DA29E4A54800D331BF /* Assets.xcassets in Resources */,
				B07AAEC22A1B789D0034D0AE /* SplashScreen.storyboard in Resources */,
				B08842D829E4A54700D331BF /* LaunchScreen.storyboard in Resources */,
			);
			runOnlyForDeploymentPostprocessing = 0;
		};
/* End PBXResourcesBuildPhase section */

/* Begin PBXSourcesBuildPhase section */
		B08842C929E4A54700D331BF /* Sources */ = {
			isa = PBXSourcesBuildPhase;
			buildActionMask = 2147483647;
			files = (
				B07AAEC02A1B73070034D0AE /* AssemblerBuilderProtocol.swift in Sources */,
				B0C4272B29FD5A4300AA00D7 /* Network.swift in Sources */,
				B0C4273229FDC0B100AA00D7 /* SplashScreenInteractor.swift in Sources */,
				B0C4272D29FD5AD400AA00D7 /* Requestable.swift in Sources */,
				B08842ED29E4AAEB00D331BF /* AppRouter.swift in Sources */,
				B088430329E4B6BE00D331BF /* Strings+Generated.swift in Sources */,
				B07AAED32A1BF1AF0034D0AE /* MovieListRequest.swift in Sources */,
				B088430129E4B6BE00D331BF /* Fonts+Generated.swift in Sources */,
				B088430529E4B6F700D331BF /* SplashScreenPresenter.swift in Sources */,
				B07AAEC92A1B9ABB0034D0AE /* Storyboard+Generated.swift in Sources */,
				B088430729E4B78400D331BF /* SplashScreenView.swift in Sources */,
				B0C4273429FDC0CA00AA00D7 /* SplashScreenEntity.swift in Sources */,
				B07AAEC52A1B7A3A0034D0AE /* UIView+Extra.swift in Sources */,
				B0C4273029FD5B2F00AA00D7 /* Logger.swift in Sources */,
				B08842D129E4A54700D331BF /* AppDelegate.swift in Sources */,
				B088430229E4B6BE00D331BF /* Images+Colors+Generated.swift in Sources */,
				B07AAED12A1BF1710034D0AE /* Endpoint.swift in Sources */,
				B08842D329E4A54700D331BF /* SceneDelegate.swift in Sources */,
			);
			runOnlyForDeploymentPostprocessing = 0;
		};
/* End PBXSourcesBuildPhase section */

/* Begin PBXVariantGroup section */
		B08842D629E4A54700D331BF /* LaunchScreen.storyboard */ = {
			isa = PBXVariantGroup;
			children = (
				B08842D729E4A54700D331BF /* Base */,
			);
			name = LaunchScreen.storyboard;
			sourceTree = "<group>";
		};
/* End PBXVariantGroup section */

/* Begin XCBuildConfiguration section */
		B08842DF29E4A54800D331BF /* Debug */ = {
			isa = XCBuildConfiguration;
			buildSettings = {
				ALWAYS_SEARCH_USER_PATHS = NO;
				CLANG_ANALYZER_NONNULL = YES;
				CLANG_ANALYZER_NUMBER_OBJECT_CONVERSION = YES_AGGRESSIVE;
				CLANG_CXX_LANGUAGE_STANDARD = "gnu++20";
				CLANG_ENABLE_MODULES = YES;
				CLANG_ENABLE_OBJC_ARC = YES;
				CLANG_ENABLE_OBJC_WEAK = YES;
				CLANG_WARN_BLOCK_CAPTURE_AUTORELEASING = YES;
				CLANG_WARN_BOOL_CONVERSION = YES;
				CLANG_WARN_COMMA = YES;
				CLANG_WARN_CONSTANT_CONVERSION = YES;
				CLANG_WARN_DEPRECATED_OBJC_IMPLEMENTATIONS = YES;
				CLANG_WARN_DIRECT_OBJC_ISA_USAGE = YES_ERROR;
				CLANG_WARN_DOCUMENTATION_COMMENTS = YES;
				CLANG_WARN_EMPTY_BODY = YES;
				CLANG_WARN_ENUM_CONVERSION = YES;
				CLANG_WARN_INFINITE_RECURSION = YES;
				CLANG_WARN_INT_CONVERSION = YES;
				CLANG_WARN_NON_LITERAL_NULL_CONVERSION = YES;
				CLANG_WARN_OBJC_IMPLICIT_RETAIN_SELF = YES;
				CLANG_WARN_OBJC_LITERAL_CONVERSION = YES;
				CLANG_WARN_OBJC_ROOT_CLASS = YES_ERROR;
				CLANG_WARN_QUOTED_INCLUDE_IN_FRAMEWORK_HEADER = YES;
				CLANG_WARN_RANGE_LOOP_ANALYSIS = YES;
				CLANG_WARN_STRICT_PROTOTYPES = YES;
				CLANG_WARN_SUSPICIOUS_MOVE = YES;
				CLANG_WARN_UNGUARDED_AVAILABILITY = YES_AGGRESSIVE;
				CLANG_WARN_UNREACHABLE_CODE = YES;
				CLANG_WARN__DUPLICATE_METHOD_MATCH = YES;
				COPY_PHASE_STRIP = NO;
				DEBUG_INFORMATION_FORMAT = dwarf;
				ENABLE_STRICT_OBJC_MSGSEND = YES;
				ENABLE_TESTABILITY = YES;
				GCC_C_LANGUAGE_STANDARD = gnu11;
				GCC_DYNAMIC_NO_PIC = NO;
				GCC_NO_COMMON_BLOCKS = YES;
				GCC_OPTIMIZATION_LEVEL = 0;
				GCC_PREPROCESSOR_DEFINITIONS = (
					"DEBUG=1",
					"$(inherited)",
				);
				GCC_WARN_64_TO_32_BIT_CONVERSION = YES;
				GCC_WARN_ABOUT_RETURN_TYPE = YES_ERROR;
				GCC_WARN_UNDECLARED_SELECTOR = YES;
				GCC_WARN_UNINITIALIZED_AUTOS = YES_AGGRESSIVE;
				GCC_WARN_UNUSED_FUNCTION = YES;
				GCC_WARN_UNUSED_VARIABLE = YES;
				IPHONEOS_DEPLOYMENT_TARGET = 15.0;
				MTL_ENABLE_DEBUG_INFO = INCLUDE_SOURCE;
				MTL_FAST_MATH = YES;
				ONLY_ACTIVE_ARCH = YES;
				SDKROOT = iphoneos;
				SWIFT_ACTIVE_COMPILATION_CONDITIONS = DEBUG;
				SWIFT_OPTIMIZATION_LEVEL = "-Onone";
			};
			name = Debug;
		};
		B08842E029E4A54800D331BF /* Release */ = {
			isa = XCBuildConfiguration;
			buildSettings = {
				ALWAYS_SEARCH_USER_PATHS = NO;
				CLANG_ANALYZER_NONNULL = YES;
				CLANG_ANALYZER_NUMBER_OBJECT_CONVERSION = YES_AGGRESSIVE;
				CLANG_CXX_LANGUAGE_STANDARD = "gnu++20";
				CLANG_ENABLE_MODULES = YES;
				CLANG_ENABLE_OBJC_ARC = YES;
				CLANG_ENABLE_OBJC_WEAK = YES;
				CLANG_WARN_BLOCK_CAPTURE_AUTORELEASING = YES;
				CLANG_WARN_BOOL_CONVERSION = YES;
				CLANG_WARN_COMMA = YES;
				CLANG_WARN_CONSTANT_CONVERSION = YES;
				CLANG_WARN_DEPRECATED_OBJC_IMPLEMENTATIONS = YES;
				CLANG_WARN_DIRECT_OBJC_ISA_USAGE = YES_ERROR;
				CLANG_WARN_DOCUMENTATION_COMMENTS = YES;
				CLANG_WARN_EMPTY_BODY = YES;
				CLANG_WARN_ENUM_CONVERSION = YES;
				CLANG_WARN_INFINITE_RECURSION = YES;
				CLANG_WARN_INT_CONVERSION = YES;
				CLANG_WARN_NON_LITERAL_NULL_CONVERSION = YES;
				CLANG_WARN_OBJC_IMPLICIT_RETAIN_SELF = YES;
				CLANG_WARN_OBJC_LITERAL_CONVERSION = YES;
				CLANG_WARN_OBJC_ROOT_CLASS = YES_ERROR;
				CLANG_WARN_QUOTED_INCLUDE_IN_FRAMEWORK_HEADER = YES;
				CLANG_WARN_RANGE_LOOP_ANALYSIS = YES;
				CLANG_WARN_STRICT_PROTOTYPES = YES;
				CLANG_WARN_SUSPICIOUS_MOVE = YES;
				CLANG_WARN_UNGUARDED_AVAILABILITY = YES_AGGRESSIVE;
				CLANG_WARN_UNREACHABLE_CODE = YES;
				CLANG_WARN__DUPLICATE_METHOD_MATCH = YES;
				COPY_PHASE_STRIP = NO;
				DEBUG_INFORMATION_FORMAT = "dwarf-with-dsym";
				ENABLE_NS_ASSERTIONS = NO;
				ENABLE_STRICT_OBJC_MSGSEND = YES;
				GCC_C_LANGUAGE_STANDARD = gnu11;
				GCC_NO_COMMON_BLOCKS = YES;
				GCC_WARN_64_TO_32_BIT_CONVERSION = YES;
				GCC_WARN_ABOUT_RETURN_TYPE = YES_ERROR;
				GCC_WARN_UNDECLARED_SELECTOR = YES;
				GCC_WARN_UNINITIALIZED_AUTOS = YES_AGGRESSIVE;
				GCC_WARN_UNUSED_FUNCTION = YES;
				GCC_WARN_UNUSED_VARIABLE = YES;
				IPHONEOS_DEPLOYMENT_TARGET = 15.0;
				MTL_ENABLE_DEBUG_INFO = NO;
				MTL_FAST_MATH = YES;
				SDKROOT = iphoneos;
				SWIFT_COMPILATION_MODE = wholemodule;
				SWIFT_OPTIMIZATION_LEVEL = "-O";
				VALIDATE_PRODUCT = YES;
			};
			name = Release;
		};
		B08842E229E4A54800D331BF /* Debug */ = {
			isa = XCBuildConfiguration;
			buildSettings = {
				ASSETCATALOG_COMPILER_APPICON_NAME = AppIcon;
				ASSETCATALOG_COMPILER_GLOBAL_ACCENT_COLOR_NAME = AccentColor;
				CODE_SIGN_STYLE = Automatic;
				CURRENT_PROJECT_VERSION = 1;
				DEVELOPMENT_TEAM = SJJJCP34LR;
				GENERATE_INFOPLIST_FILE = YES;
				INFOPLIST_FILE = MovieMood/Resources/Info.plist;
				INFOPLIST_KEY_LSApplicationCategoryType = "public.app-category.video";
				INFOPLIST_KEY_UIApplicationSupportsIndirectInputEvents = YES;
				INFOPLIST_KEY_UILaunchStoryboardName = LaunchScreen;
				INFOPLIST_KEY_UISupportedInterfaceOrientations_iPad = "UIInterfaceOrientationPortrait UIInterfaceOrientationPortraitUpsideDown UIInterfaceOrientationLandscapeLeft UIInterfaceOrientationLandscapeRight";
				INFOPLIST_KEY_UISupportedInterfaceOrientations_iPhone = "UIInterfaceOrientationPortrait UIInterfaceOrientationLandscapeLeft UIInterfaceOrientationLandscapeRight";
				LD_RUNPATH_SEARCH_PATHS = (
					"$(inherited)",
					"@executable_path/Frameworks",
				);
				MARKETING_VERSION = 1.0;
				PRODUCT_BUNDLE_IDENTIFIER = com.maqasta.MovieMood;
				PRODUCT_NAME = "$(TARGET_NAME)";
				SUPPORTED_PLATFORMS = "iphoneos iphonesimulator";
				SUPPORTS_MACCATALYST = NO;
				SUPPORTS_MAC_DESIGNED_FOR_IPHONE_IPAD = NO;
				SWIFT_EMIT_LOC_STRINGS = YES;
				SWIFT_VERSION = 5.0;
				TARGETED_DEVICE_FAMILY = 1;
			};
			name = Debug;
		};
		B08842E329E4A54800D331BF /* Release */ = {
			isa = XCBuildConfiguration;
			buildSettings = {
				ASSETCATALOG_COMPILER_APPICON_NAME = AppIcon;
				ASSETCATALOG_COMPILER_GLOBAL_ACCENT_COLOR_NAME = AccentColor;
				CODE_SIGN_STYLE = Automatic;
				CURRENT_PROJECT_VERSION = 1;
				DEVELOPMENT_TEAM = SJJJCP34LR;
				GENERATE_INFOPLIST_FILE = YES;
				INFOPLIST_FILE = MovieMood/Resources/Info.plist;
				INFOPLIST_KEY_LSApplicationCategoryType = "public.app-category.video";
				INFOPLIST_KEY_UIApplicationSupportsIndirectInputEvents = YES;
				INFOPLIST_KEY_UILaunchStoryboardName = LaunchScreen;
				INFOPLIST_KEY_UISupportedInterfaceOrientations_iPad = "UIInterfaceOrientationPortrait UIInterfaceOrientationPortraitUpsideDown UIInterfaceOrientationLandscapeLeft UIInterfaceOrientationLandscapeRight";
				INFOPLIST_KEY_UISupportedInterfaceOrientations_iPhone = "UIInterfaceOrientationPortrait UIInterfaceOrientationLandscapeLeft UIInterfaceOrientationLandscapeRight";
				LD_RUNPATH_SEARCH_PATHS = (
					"$(inherited)",
					"@executable_path/Frameworks",
				);
				MARKETING_VERSION = 1.0;
				PRODUCT_BUNDLE_IDENTIFIER = com.maqasta.MovieMood;
				PRODUCT_NAME = "$(TARGET_NAME)";
				SUPPORTED_PLATFORMS = "iphoneos iphonesimulator";
				SUPPORTS_MACCATALYST = NO;
				SUPPORTS_MAC_DESIGNED_FOR_IPHONE_IPAD = NO;
				SWIFT_EMIT_LOC_STRINGS = YES;
				SWIFT_VERSION = 5.0;
				TARGETED_DEVICE_FAMILY = 1;
			};
			name = Release;
		};
/* End XCBuildConfiguration section */

/* Begin XCConfigurationList section */
		B08842C829E4A54700D331BF /* Build configuration list for PBXProject "MovieMood" */ = {
			isa = XCConfigurationList;
			buildConfigurations = (
				B08842DF29E4A54800D331BF /* Debug */,
				B08842E029E4A54800D331BF /* Release */,
			);
			defaultConfigurationIsVisible = 0;
			defaultConfigurationName = Release;
		};
		B08842E129E4A54800D331BF /* Build configuration list for PBXNativeTarget "MovieMood" */ = {
			isa = XCConfigurationList;
			buildConfigurations = (
				B08842E229E4A54800D331BF /* Debug */,
				B08842E329E4A54800D331BF /* Release */,
			);
			defaultConfigurationIsVisible = 0;
			defaultConfigurationName = Release;
		};
/* End XCConfigurationList section */

/* Begin XCRemoteSwiftPackageReference section */
		B07AAECA2A1B9D7B0034D0AE /* XCRemoteSwiftPackageReference "lottie-spm" */ = {
			isa = XCRemoteSwiftPackageReference;
			repositoryURL = "https://github.com/airbnb/lottie-spm.git";
			requirement = {
				kind = upToNextMajorVersion;
				minimumVersion = 4.0.0;
			};
		};
		B08842E429E4A9DE00D331BF /* XCRemoteSwiftPackageReference "Alamofire" */ = {
			isa = XCRemoteSwiftPackageReference;
			repositoryURL = "https://github.com/Alamofire/Alamofire.git";
			requirement = {
				kind = upToNextMajorVersion;
				minimumVersion = 5.6.2;
			};
		};
		B08842E729E4AA0D00D331BF /* XCRemoteSwiftPackageReference "Kingfisher" */ = {
			isa = XCRemoteSwiftPackageReference;
			repositoryURL = "https://github.com/onevcat/Kingfisher.git";
			requirement = {
				kind = upToNextMajorVersion;
				minimumVersion = 7.4.1;
			};
		};
/* End XCRemoteSwiftPackageReference section */

/* Begin XCSwiftPackageProductDependency section */
		B07AAECB2A1B9D7B0034D0AE /* Lottie */ = {
			isa = XCSwiftPackageProductDependency;
			package = B07AAECA2A1B9D7B0034D0AE /* XCRemoteSwiftPackageReference "lottie-spm" */;
			productName = Lottie;
		};
		B08842E529E4A9DE00D331BF /* Alamofire */ = {
			isa = XCSwiftPackageProductDependency;
			package = B08842E429E4A9DE00D331BF /* XCRemoteSwiftPackageReference "Alamofire" */;
			productName = Alamofire;
		};
		B08842E829E4AA0D00D331BF /* Kingfisher */ = {
			isa = XCSwiftPackageProductDependency;
			package = B08842E729E4AA0D00D331BF /* XCRemoteSwiftPackageReference "Kingfisher" */;
			productName = Kingfisher;
		};
/* End XCSwiftPackageProductDependency section */
	};
	rootObject = B08842C529E4A54700D331BF /* Project object */;
}
